
Microsoft Visual Studio Solution File, Format Version 12.00
# Visual Studio 14
VisualStudioVersion = 14.0.25123.0
MinimumVisualStudioVersion = 10.0.40219.1
Project("{FAE04EC0-301F-11D3-BF4B-00C04F79EFBC}") = "GDXJ2016", "GDXJ2016\GDXJ2016.csproj", "{3C36F88B-A475-49E9-B6AE-C4929C2D7842}"
EndProject
Project("{FAE04EC0-301F-11D3-BF4B-00C04F79EFBC}") = "ViewModelLibrary", "ViewModelLibrary\ViewModelLibrary.csproj", "{A165DB8B-831F-4E25-80FF-6B018E8CEED0}"
EndProject
Project("{FAE04EC0-301F-11D3-BF4B-00C04F79EFBC}") = "GDXJ.Lib", "GDXJ.Lib\GDXJ.Lib.csproj", "{04208704-537D-4586-AEA0-358D53B742F9}"
EndProject
Project("{FAE04EC0-301F-11D3-BF4B-00C04F79EFBC}") = "QQLib", "QQLib\QQLib.csproj", "{23866143-5B70-4363-B282-2F733D5C5E9C}"
EndProject
Project("{FAE04EC0-301F-11D3-BF4B-00C04F79EFBC}") = "Newtonsoft.Json.Net40", "Newtonsoft.Json\Newtonsoft.Json.Net40.csproj", "{A9AE40FF-1A21-414A-9FE7-3BE13644CC6D}"
EndProject
Global
	GlobalSection(SolutionConfigurationPlatforms) = preSolution
		Debug|Any CPU = Debug|Any CPU
		Release|Any CPU = Release|Any CPU
	EndGlobalSection
	GlobalSection(ProjectConfigurationPlatforms) = postSolution
		{3C36F88B-A475-49E9-B6AE-C4929C2D7842}.Debug|Any CPU.ActiveCfg = Debug|Any CPU
		{3C36F88B-A475-49E9-B6AE-C4929C2D7842}.Debug|Any CPU.Build.0 = Debug|Any CPU
		{3C36F88B-A475-49E9-B6AE-C4929C2D7842}.Release|Any CPU.ActiveCfg = Release|Any CPU
		{3C36F88B-A475-49E9-B6AE-C4929C2D7842}.Release|Any CPU.Build.0 = Release|Any CPU
		{A165DB8B-831F-4E25-80FF-6B018E8CEED0}.Debug|Any CPU.ActiveCfg = Debug|Any CPU
		{A165DB8B-831F-4E25-80FF-6B018E8CEED0}.Debug|Any CPU.Build.0 = Debug|Any CPU
		{A165DB8B-831F-4E25-80FF-6B018E8CEED0}.Release|Any CPU.ActiveCfg = Release|Any CPU
		{A165DB8B-831F-4E25-80FF-6B018E8CEED0}.Release|Any CPU.Build.0 = Release|Any CPU
		{04208704-537D-4586-AEA0-358D53B742F9}.Debug|Any CPU.ActiveCfg = Debug|Any CPU
		{04208704-537D-4586-AEA0-358D53B742F9}.Debug|Any CPU.Build.0 = Debug|Any CPU
		{04208704-537D-4586-AEA0-358D53B742F9}.Release|Any CPU.ActiveCfg = Release|Any CPU
		{04208704-537D-4586-AEA0-358D53B742F9}.Release|Any CPU.Build.0 = Release|Any CPU
		{23866143-5B70-4363-B282-2F733D5C5E9C}.Debug|Any CPU.ActiveCfg = Debug|Any CPU
		{23866143-5B70-4363-B282-2F733D5C5E9C}.Debug|Any CPU.Build.0 = Debug|Any CPU
		{23866143-5B70-4363-B282-2F733D5C5E9C}.Release|Any CPU.ActiveCfg = Release|Any CPU
		{23866143-5B70-4363-B282-2F733D5C5E9C}.Release|Any CPU.Build.0 = Release|Any CPU
		{A9AE40FF-1A21-414A-9FE7-3BE13644CC6D}.Debug|Any CPU.ActiveCfg = Debug|Any CPU
		{A9AE40FF-1A21-414A-9FE7-3BE13644CC6D}.Debug|Any CPU.Build.0 = Debug|Any CPU
		{A9AE40FF-1A21-414A-9FE7-3BE13644CC6D}.Release|Any CPU.ActiveCfg = Release|Any CPU
		{A9AE40FF-1A21-414A-9FE7-3BE13644CC6D}.Release|Any CPU.Build.0 = Release|Any CPU
	EndGlobalSection
	GlobalSection(SolutionProperties) = preSolution
		HideSolutionNode = FALSE
	EndGlobalSection
EndGlobal
